<?xml version="1.0" encoding="utf-8"?>
<Project ToolsVersion="4.0" xmlns="http://schemas.microsoft.com/developer/msbuild/2003">
  <ItemGroup>
    <Filter Include="Source Files">
      <UniqueIdentifier>{4FC737F1-C7A5-4376-A066-2A32D752A2FF}</UniqueIdentifier>
      <Extensions>cpp;c;cc;cxx;def;odl;idl;hpj;bat;asm;asmx</Extensions>
    </Filter>
    <Filter Include="Header Files">
      <UniqueIdentifier>{93995380-89BD-4b04-88EB-625FBE52EBFB}</UniqueIdentifier>
      <Extensions>h;hpp;hxx;hm;inl;inc;xsd</Extensions>
    </Filter>
    <Filter Include="Resource Files">
      <UniqueIdentifier>{67DA6AB6-F800-4c08-8B7A-83BB121AAD01}</UniqueIdentifier>
      <Extensions>rc;ico;cur;bmp;dlg;rc2;rct;bin;rgs;gif;jpg;jpeg;jpe;resx;tiff;tif;png;wav</Extensions>
    </Filter>
  </ItemGroup>
  <ItemGroup>
    <ClCompile Include="BaseObject.cpp">
      <Filter>Source Files</Filter>
    </ClCompile>
    <ClCompile Include="BurnCD.cpp">
      <Filter>Source Files</Filter>
    </ClCompile>
    <ClCompile Include="BurnCDDlg.cpp">
      <Filter>Source Files</Filter>
    </ClCompile>
    <ClCompile Include="DirObject.cpp">
      <Filter>Source Files</Filter>
    </ClCompile>
    <ClCompile Include="DiscFormatData.cpp">
      <Filter>Source Files</Filter>
    </ClCompile>
    <ClCompile Include="DiscFormatDataEvent.cpp">
      <Filter>Source Files</Filter>
    </ClCompile>
    <ClCompile Include="DiscMaster.cpp">
      <Filter>Source Files</Filter>
    </ClCompile>
    <ClCompile Include="DiscRecorder.cpp">
      <Filter>Source Files</Filter>
    </ClCompile>
    <ClCompile Include="FileListBox.cpp">
      <Filter>Source Files</Filter>
    </ClCompile>
    <ClCompile Include="FileObject.cpp">
      <Filter>Source Files</Filter>
    </ClCompile>
    <ClCompile Include="stdafx.cpp">
      <Filter>Source Files</Filter>
    </ClCompile>
  </ItemGroup>
  <ItemGroup>
    <ClInclude Include="BaseObject.h">
      <Filter>Header Files</Filter>
    </ClInclude>
    <ClInclude Include="BurnCD.h">
      <Filter>Header Files</Filter>
    </ClInclude>
    <ClInclude Include="BurnCDDlg.h">
      <Filter>Header Files</Filter>
    </ClInclude>
    <ClInclude Include="DirObject.h">
      <Filter>Header Files</Filter>
    </ClInclude>
    <ClInclude Include="DiscFormatData.h">
      <Filter>Header Files</Filter>
    </ClInclude>
    <ClInclude Include="DiscFormatDataEvent.h">
      <Filter>Header Files</Filter>
    </ClInclude>
    <ClInclude Include="DiscMaster.h">
      <Filter>Header Files</Filter>
    </ClInclude>
    <ClInclude Include="DiscRecorder.h">
      <Filter>Header Files</Filter>
    </ClInclude>
    <ClInclude Include="FileListBox.h">
      <Filter>Header Files</Filter>
    </ClInclude>
    <ClInclude Include="FileObject.h">
      <Filter>Header Files</Filter>
    </ClInclude>
    <ClInclude Include="Resource.h">
      <Filter>Header Files</Filter>
    </ClInclude>
    <ClInclude Include="stdafx.h">
      <Filter>Header Files</Filter>
    </ClInclude>
  </ItemGroup>
  <ItemGroup>
    <Image Include="res\BurnCD.ico">
      <Filter>Resource Files</Filter>
    </Image>
  </ItemGroup>
  <ItemGroup>
    <ResourceCompile Include="BurnCD.rc">
      <Filter>Resource Files</Filter>
    </ResourceCompile>
  </ItemGroup>
  <ItemGroup>
    <None Include="res\BurnCD.rc2">
      <Filter>Resource Files</Filter>
    </None>
  </ItemGroup>
  <ItemGroup>
    <Text Include="ReadMe.txt" />
  </ItemGroup>
</Project>